
Microsoft Visual Studio Solution File, Format Version 12.00
# Visual Studio Version 17
VisualStudioVersion = 17.2.32526.322
MinimumVisualStudioVersion = 10.0.40219.1
Project("{FAE04EC0-301F-11D3-BF4B-00C04F79EFBC}") = "Numerical-Integration", "Numerical-Integration\Numerical-Integration.csproj", "{C185BBD2-CD3F-4FC1-A408-85B013EE20E9}"
EndProject
Global
	GlobalSection(SolutionConfigurationPlatforms) = preSolution
		Debug|Any CPU = Debug|Any CPU
		Release|Any CPU = Release|Any CPU
	EndGlobalSection
	GlobalSection(ProjectConfigurationPlatforms) = postSolution
		{C185BBD2-CD3F-4FC1-A408-85B013EE20E9}.Debug|Any CPU.ActiveCfg = Debug|Any CPU
		{C185BBD2-CD3F-4FC1-A408-85B013EE20E9}.Debug|Any CPU.Build.0 = Debug|Any CPU
		{C185BBD2-CD3F-4FC1-A408-85B013EE20E9}.Release|Any CPU.ActiveCfg = Release|Any CPU
		{C185BBD2-CD3F-4FC1-A408-85B013EE20E9}.Release|Any CPU.Build.0 = Release|Any CPU
	EndGlobalSection
	GlobalSection(SolutionProperties) = preSolution
		HideSolutionNode = FALSE
	EndGlobalSection
	GlobalSection(ExtensibilityGlobals) = postSolution
		SolutionGuid = {13468B2D-0923-4D01-968F-1E18B477F09E}
	EndGlobalSection
EndGlobal
